
Microsoft Visual Studio Solution File, Format Version 12.00
# Visual Studio 14
VisualStudioVersion = 14.0.24720.0
MinimumVisualStudioVersion = 10.0.40219.1
Project("{FAE04EC0-301F-11D3-BF4B-00C04F79EFBC}") = "SubtitlePlugin", "SubtitlePlugin\SubtitlePlugin.csproj", "{205668B6-966B-4542-B1D3-B2CD8AF23068}"
EndProject
Project("{FAE04EC0-301F-11D3-BF4B-00C04F79EFBC}") = "Titanium.Web.Proxy", "..\..\Titanium-Web-Proxy\Titanium.Web.Proxy\Titanium.Web.Proxy.csproj", "{8D73A1BE-868C-42D2-9ECE-F32CC1A02906}"
EndProject
Global
	GlobalSection(SolutionConfigurationPlatforms) = preSolution
		Debug|Any CPU = Debug|Any CPU
		Debug-Net45|Any CPU = Debug-Net45|Any CPU
		Release|Any CPU = Release|Any CPU
		Release-Net45|Any CPU = Release-Net45|Any CPU
	EndGlobalSection
	GlobalSection(ProjectConfigurationPlatforms) = postSolution
		{205668B6-966B-4542-B1D3-B2CD8AF23068}.Debug|Any CPU.ActiveCfg = Debug|Any CPU
		{205668B6-966B-4542-B1D3-B2CD8AF23068}.Debug|Any CPU.Build.0 = Debug|Any CPU
		{205668B6-966B-4542-B1D3-B2CD8AF23068}.Debug-Net45|Any CPU.ActiveCfg = Debug|Any CPU
		{205668B6-966B-4542-B1D3-B2CD8AF23068}.Debug-Net45|Any CPU.Build.0 = Debug|Any CPU
		{205668B6-966B-4542-B1D3-B2CD8AF23068}.Release|Any CPU.ActiveCfg = Release|Any CPU
		{205668B6-966B-4542-B1D3-B2CD8AF23068}.Release|Any CPU.Build.0 = Release|Any CPU
		{205668B6-966B-4542-B1D3-B2CD8AF23068}.Release-Net45|Any CPU.ActiveCfg = Release|Any CPU
		{205668B6-966B-4542-B1D3-B2CD8AF23068}.Release-Net45|Any CPU.Build.0 = Release|Any CPU
		{8D73A1BE-868C-42D2-9ECE-F32CC1A02906}.Debug|Any CPU.ActiveCfg = Debug|Any CPU
		{8D73A1BE-868C-42D2-9ECE-F32CC1A02906}.Debug|Any CPU.Build.0 = Debug|Any CPU
		{8D73A1BE-868C-42D2-9ECE-F32CC1A02906}.Debug-Net45|Any CPU.ActiveCfg = Debug-Net45|Any CPU
		{8D73A1BE-868C-42D2-9ECE-F32CC1A02906}.Debug-Net45|Any CPU.Build.0 = Debug-Net45|Any CPU
		{8D73A1BE-868C-42D2-9ECE-F32CC1A02906}.Release|Any CPU.ActiveCfg = Release|Any CPU
		{8D73A1BE-868C-42D2-9ECE-F32CC1A02906}.Release|Any CPU.Build.0 = Release|Any CPU
		{8D73A1BE-868C-42D2-9ECE-F32CC1A02906}.Release-Net45|Any CPU.ActiveCfg = Release-Net45|Any CPU
		{8D73A1BE-868C-42D2-9ECE-F32CC1A02906}.Release-Net45|Any CPU.Build.0 = Release-Net45|Any CPU
	EndGlobalSection
	GlobalSection(SolutionProperties) = preSolution
		HideSolutionNode = FALSE
	EndGlobalSection
EndGlobal
